{
  "name": "Build-A-Boat",
  "lockfileVersion": 3,
  "requires": true,
  "packages": {
    "": {
      "dependencies": {
        "@tanstack/react-query": "^5.87.4",
        "react-hook-form": "^7.62.0",
        "zod": "^4.1.8"
      }
    },
    "node_modules/@tanstack/query-core": {
      "version": "5.87.4",
      "resolved": "https://registry.npmjs.org/@tanstack/query-core/-/query-core-5.87.4.tgz",
      "integrity": "sha512-uNsg6zMxraEPDVO2Bn+F3/ctHi+Zsk+MMpcN8h6P7ozqD088F6mFY5TfGM7zuyIrL7HKpDyu6QHfLWiDxh3cuw==",
      "license": "MIT",
      "funding": {
        "type": "github",
        "url": "https://github.com/sponsors/tannerlinsley"
      }
    },
    "node_modules/@tanstack/react-query": {
      "version": "5.87.4",
      "resolved": "https://registry.npmjs.org/@tanstack/react-query/-/react-query-5.87.4.tgz",
      "integrity": "sha512-T5GT/1ZaNsUXf5I3RhcYuT17I4CPlbZgyLxc/ZGv7ciS6esytlbjb3DgUFO6c8JWYMDpdjSWInyGZUErgzqhcA==",
      "license": "MIT",
      "dependencies": {
        "@tanstack/query-core": "5.87.4"
      },
      "funding": {
        "type": "github",
        "url": "https://github.com/sponsors/tannerlinsley"
      },
      "peerDependencies": {
        "react": "^18 || ^19"
      }
    },
    "node_modules/react": {
      "version": "19.1.1",
      "resolved": "https://registry.npmjs.org/react/-/react-19.1.1.tgz",
      "integrity": "sha512-w8nqGImo45dmMIfljjMwOGtbmC/mk4CMYhWIicdSflH91J9TyCyczcPFXJzrZ/ZXcgGRFeP6BU0BEJTw6tZdfQ==",
      "license": "MIT",
      "peer": true,
      "engines": {
        "node": ">=0.10.0"
      }
    },
    "node_modules/react-hook-form": {
      "version": "7.62.0",
      "resolved": "https://registry.npmjs.org/react-hook-form/-/react-hook-form-7.62.0.tgz",
      "integrity": "sha512-7KWFejc98xqG/F4bAxpL41NB3o1nnvQO1RWZT3TqRZYL8RryQETGfEdVnJN2fy1crCiBLLjkRBVK05j24FxJGA==",
      "license": "MIT",
      "engines": {
        "node": ">=18.0.0"
      },
      "funding": {
        "type": "opencollective",
        "url": "https://opencollective.com/react-hook-form"
      },
      "peerDependencies": {
        "react": "^16.8.0 || ^17 || ^18 || ^19"
      }
    },
    "node_modules/zod": {
      "version": "4.1.8",
      "resolved": "https://registry.npmjs.org/zod/-/zod-4.1.8.tgz",
      "integrity": "sha512-5R1P+WwQqmmMIEACyzSvo4JXHY5WiAFHRMg+zBZKgKS+Q1viRa0C1hmUKtHltoIFKtIdki3pRxkmpP74jnNYHQ==",
      "license": "MIT",
      "funding": {
        "url": "https://github.com/sponsors/colinhacks"
      }
    }
  }
}
